
Microsoft Visual Studio Solution File, Format Version 12.00
# Visual Studio 2013
VisualStudioVersion = 12.0.21005.1
MinimumVisualStudioVersion = 10.0.40219.1
Project("{54435603-DBB4-11D2-8724-00A0C9A8B90C}") = "Setup1", "Setup1\Setup1.vdproj", "{98C2A1E3-AD82-451A-A25B-4AF34233EA69}"
EndProject
Project("{54435603-DBB4-11D2-8724-00A0C9A8B90C}") = "JYMFCAppActiveX-Setup1", "..\JYMFCAppActiveX-Setup1\JYMFCAppActiveX-Setup1.vdproj", "{5BB7294A-EC97-43C7-8D3A-4FA653F2A58B}"
EndProject
Project("{54435603-DBB4-11D2-8724-00A0C9A8B90C}") = "JYMFCAppActiveXGetDevNum-Setup1", "..\JYMFCAppActiveXGetDevNum-Setup1\JYMFCAppActiveXGetDevNum-Setup1.vdproj", "{E48F2B93-4B84-451A-8F77-0C3B4056BC14}"
EndProject
Project("{54435603-DBB4-11D2-8724-00A0C9A8B90C}") = "PadDll-Setup1", "..\PadDll-Setup1\PadDll-Setup1.vdproj", "{27346FED-FA57-4D97-BB5D-9A146ADE824A}"
EndProject
Project("{54435603-DBB4-11D2-8724-00A0C9A8B90C}") = "test001-csharp-Setup1", "..\test001-csharp-Setup1\test001-csharp-Setup1.vdproj", "{DE0BC452-0F18-4198-89D0-B96243A8F3FA}"
EndProject
Project("{54435603-DBB4-11D2-8724-00A0C9A8B90C}") = "YFMFCApp-Setup1", "..\YFMFCApp-Setup1\YFMFCApp-Setup1.vdproj", "{C585E521-8E17-4578-8644-CFC3488F6116}"
EndProject
Global
	GlobalSection(SolutionConfigurationPlatforms) = preSolution
		Debug|Default = Debug|Default
		Release|Default = Release|Default
	EndGlobalSection
	GlobalSection(ProjectConfigurationPlatforms) = postSolution
		{98C2A1E3-AD82-451A-A25B-4AF34233EA69}.Debug|Default.ActiveCfg = Debug
		{98C2A1E3-AD82-451A-A25B-4AF34233EA69}.Debug|Default.Build.0 = Debug
		{98C2A1E3-AD82-451A-A25B-4AF34233EA69}.Release|Default.ActiveCfg = Release
		{98C2A1E3-AD82-451A-A25B-4AF34233EA69}.Release|Default.Build.0 = Release
		{5BB7294A-EC97-43C7-8D3A-4FA653F2A58B}.Debug|Default.ActiveCfg = Debug
		{5BB7294A-EC97-43C7-8D3A-4FA653F2A58B}.Debug|Default.Build.0 = Debug
		{5BB7294A-EC97-43C7-8D3A-4FA653F2A58B}.Release|Default.ActiveCfg = Release
		{5BB7294A-EC97-43C7-8D3A-4FA653F2A58B}.Release|Default.Build.0 = Release
		{E48F2B93-4B84-451A-8F77-0C3B4056BC14}.Debug|Default.ActiveCfg = Debug
		{E48F2B93-4B84-451A-8F77-0C3B4056BC14}.Debug|Default.Build.0 = Debug
		{E48F2B93-4B84-451A-8F77-0C3B4056BC14}.Release|Default.ActiveCfg = Release
		{E48F2B93-4B84-451A-8F77-0C3B4056BC14}.Release|Default.Build.0 = Release
		{27346FED-FA57-4D97-BB5D-9A146ADE824A}.Debug|Default.ActiveCfg = Debug
		{27346FED-FA57-4D97-BB5D-9A146ADE824A}.Debug|Default.Build.0 = Debug
		{27346FED-FA57-4D97-BB5D-9A146ADE824A}.Release|Default.ActiveCfg = Release
		{27346FED-FA57-4D97-BB5D-9A146ADE824A}.Release|Default.Build.0 = Release
		{DE0BC452-0F18-4198-89D0-B96243A8F3FA}.Debug|Default.ActiveCfg = Debug
		{DE0BC452-0F18-4198-89D0-B96243A8F3FA}.Debug|Default.Build.0 = Debug
		{DE0BC452-0F18-4198-89D0-B96243A8F3FA}.Release|Default.ActiveCfg = Release
		{DE0BC452-0F18-4198-89D0-B96243A8F3FA}.Release|Default.Build.0 = Release
		{C585E521-8E17-4578-8644-CFC3488F6116}.Debug|Default.ActiveCfg = Debug
		{C585E521-8E17-4578-8644-CFC3488F6116}.Debug|Default.Build.0 = Debug
		{C585E521-8E17-4578-8644-CFC3488F6116}.Release|Default.ActiveCfg = Release
		{C585E521-8E17-4578-8644-CFC3488F6116}.Release|Default.Build.0 = Release
	EndGlobalSection
	GlobalSection(SolutionProperties) = preSolution
		HideSolutionNode = FALSE
	EndGlobalSection
EndGlobal
