
Microsoft Visual Studio Solution File, Format Version 12.00
# Visual Studio 2013
VisualStudioVersion = 12.0.21005.1
MinimumVisualStudioVersion = 10.0.40219.1
Project("{FAE04EC0-301F-11D3-BF4B-00C04F79EFBC}") = "WindowsFormsApplication1", "WindowsFormsApplication1\WindowsFormsApplication1.csproj", "{03822723-D28A-4A98-97E9-5281C5155564}"
EndProject
Project("{FAE04EC0-301F-11D3-BF4B-00C04F79EFBC}") = "XJCASignatureBoard", "XJCASignatureBoard\XJCASignatureBoard.csproj", "{B6474958-947D-4A55-B62B-83B17BF78187}"
EndProject
Global
	GlobalSection(SolutionConfigurationPlatforms) = preSolution
		Debug|Any CPU = Debug|Any CPU
		Release|Any CPU = Release|Any CPU
	EndGlobalSection
	GlobalSection(ProjectConfigurationPlatforms) = postSolution
		{03822723-D28A-4A98-97E9-5281C5155564}.Debug|Any CPU.ActiveCfg = Debug|Any CPU
		{03822723-D28A-4A98-97E9-5281C5155564}.Debug|Any CPU.Build.0 = Debug|Any CPU
		{03822723-D28A-4A98-97E9-5281C5155564}.Release|Any CPU.ActiveCfg = Release|Any CPU
		{03822723-D28A-4A98-97E9-5281C5155564}.Release|Any CPU.Build.0 = Release|Any CPU
		{B6474958-947D-4A55-B62B-83B17BF78187}.Debug|Any CPU.ActiveCfg = Debug|Any CPU
		{B6474958-947D-4A55-B62B-83B17BF78187}.Debug|Any CPU.Build.0 = Debug|Any CPU
		{B6474958-947D-4A55-B62B-83B17BF78187}.Release|Any CPU.ActiveCfg = Release|Any CPU
		{B6474958-947D-4A55-B62B-83B17BF78187}.Release|Any CPU.Build.0 = Release|Any CPU
	EndGlobalSection
	GlobalSection(SolutionProperties) = preSolution
		HideSolutionNode = FALSE
	EndGlobalSection
EndGlobal
